
Microsoft Visual Studio Solution File, Format Version 12.00
# Visual Studio Version 17
VisualStudioVersion = 17.1.32328.378
MinimumVisualStudioVersion = 10.0.40219.1
Project("{FAE04EC0-301F-11D3-BF4B-00C04F79EFBC}") = "Poort8.Ishare.Core", "Poort8.Ishare.Core\Poort8.Ishare.Core.csproj", "{0D6C1565-AD62-4EB8-8030-56D5F9F53D6F}"
EndProject
Project("{FAE04EC0-301F-11D3-BF4B-00C04F79EFBC}") = "Poort8.Ishare.Core.Tests", "Poort8.Ishare.Core.Tests\Poort8.Ishare.Core.Tests.csproj", "{729A3D59-4BB9-4DC6-989A-F11CEF6E1776}"
EndProject
Global
	GlobalSection(SolutionConfigurationPlatforms) = preSolution
		Debug|Any CPU = Debug|Any CPU
		Release|Any CPU = Release|Any CPU
	EndGlobalSection
	GlobalSection(ProjectConfigurationPlatforms) = postSolution
		{0D6C1565-AD62-4EB8-8030-56D5F9F53D6F}.Debug|Any CPU.ActiveCfg = Debug|Any CPU
		{0D6C1565-AD62-4EB8-8030-56D5F9F53D6F}.Debug|Any CPU.Build.0 = Debug|Any CPU
		{0D6C1565-AD62-4EB8-8030-56D5F9F53D6F}.Release|Any CPU.ActiveCfg = Release|Any CPU
		{0D6C1565-AD62-4EB8-8030-56D5F9F53D6F}.Release|Any CPU.Build.0 = Release|Any CPU
		{729A3D59-4BB9-4DC6-989A-F11CEF6E1776}.Debug|Any CPU.ActiveCfg = Debug|Any CPU
		{729A3D59-4BB9-4DC6-989A-F11CEF6E1776}.Debug|Any CPU.Build.0 = Debug|Any CPU
		{729A3D59-4BB9-4DC6-989A-F11CEF6E1776}.Release|Any CPU.ActiveCfg = Release|Any CPU
		{729A3D59-4BB9-4DC6-989A-F11CEF6E1776}.Release|Any CPU.Build.0 = Release|Any CPU
	EndGlobalSection
	GlobalSection(SolutionProperties) = preSolution
		HideSolutionNode = FALSE
	EndGlobalSection
	GlobalSection(ExtensibilityGlobals) = postSolution
		SolutionGuid = {C6E55A24-CD8E-468A-B5F0-8CAC22FA8795}
	EndGlobalSection
EndGlobal
