
Microsoft Visual Studio Solution File, Format Version 12.00
# Visual Studio Version 17
VisualStudioVersion = 17.1.32328.378
MinimumVisualStudioVersion = 10.0.40219.1
Project("{9A19103F-16F7-4668-BE54-9A1E7A4F7556}") = "Poort8.Ishare.Common", "Poort8.Ishare.Common\Poort8.Ishare.Common.csproj", "{BF1AC9D7-3818-443A-97B2-2109C03898DC}"
EndProject
Project("{E53339B2-1760-4266-BCC7-CA923CBCF16C}") = "docker-compose", "docker-compose.dcproj", "{83A90D51-889C-4588-9A5F-9AB3A5FB8509}"
EndProject
Global
	GlobalSection(SolutionConfigurationPlatforms) = preSolution
		Debug|Any CPU = Debug|Any CPU
		Release|Any CPU = Release|Any CPU
	EndGlobalSection
	GlobalSection(ProjectConfigurationPlatforms) = postSolution
		{BF1AC9D7-3818-443A-97B2-2109C03898DC}.Debug|Any CPU.ActiveCfg = Debug|Any CPU
		{BF1AC9D7-3818-443A-97B2-2109C03898DC}.Debug|Any CPU.Build.0 = Debug|Any CPU
		{BF1AC9D7-3818-443A-97B2-2109C03898DC}.Release|Any CPU.ActiveCfg = Release|Any CPU
		{BF1AC9D7-3818-443A-97B2-2109C03898DC}.Release|Any CPU.Build.0 = Release|Any CPU
		{83A90D51-889C-4588-9A5F-9AB3A5FB8509}.Debug|Any CPU.ActiveCfg = Debug|Any CPU
		{83A90D51-889C-4588-9A5F-9AB3A5FB8509}.Debug|Any CPU.Build.0 = Debug|Any CPU
		{83A90D51-889C-4588-9A5F-9AB3A5FB8509}.Release|Any CPU.ActiveCfg = Release|Any CPU
		{83A90D51-889C-4588-9A5F-9AB3A5FB8509}.Release|Any CPU.Build.0 = Release|Any CPU
	EndGlobalSection
	GlobalSection(SolutionProperties) = preSolution
		HideSolutionNode = FALSE
	EndGlobalSection
	GlobalSection(ExtensibilityGlobals) = postSolution
		SolutionGuid = {2C500869-E392-4C46-985C-D764501F0C8D}
	EndGlobalSection
EndGlobal
